// !$*UTF8*$!
{
	archiveVersion = 1;
	classes = {
	};
	objectVersion = 46;
	objects = {

/* Begin PBXBuildFile section */
		A8AE26131AA4FCC0004E27A1 /* libc++.dylib in Frameworks */ = {isa = PBXBuildFile; fileRef = A8AE26121AA4FCC0004E27A1 /* libc++.dylib */; };
		A8AE26181AA4FFA7004E27A1 /* libstdc++.dylib in Frameworks */ = {isa = PBXBuildFile; fileRef = A8AE26171AA4FFA7004E27A1 /* libstdc++.dylib */; };
		A8AE261A1AA50032004E27A1 /* libPods-Enlighten-OpenCV.a in Frameworks */ = {isa = PBXBuildFile; fileRef = A8AE26191AA50032004E27A1 /* libPods-Enlighten-OpenCV.a */; };
		A8AE261C1AA50036004E27A1 /* libPods-Enlighten.a in Frameworks */ = {isa = PBXBuildFile; fileRef = A8AE261B1AA50036004E27A1 /* libPods-Enlighten.a */; };
		A8AE26201AA50354004E27A1 /* MainViewController.mm in Sources */ = {isa = PBXBuildFile; fileRef = A8AE261F1AA50354004E27A1 /* MainViewController.mm */; };
		A8AE26251AA506A1004E27A1 /* OpenCVUtils.mm in Sources */ = {isa = PBXBuildFile; fileRef = A8AE26241AA506A1004E27A1 /* OpenCVUtils.mm */; };
		A8AF7B311A8D6D48008DF892 /* main.m in Sources */ = {isa = PBXBuildFile; fileRef = A8AF7B301A8D6D48008DF892 /* main.m */; };
		A8AF7B341A8D6D48008DF892 /* AppDelegate.m in Sources */ = {isa = PBXBuildFile; fileRef = A8AF7B331A8D6D48008DF892 /* AppDelegate.m */; };
		A8AF7B3C1A8D6D48008DF892 /* Images.xcassets in Resources */ = {isa = PBXBuildFile; fileRef = A8AF7B3B1A8D6D48008DF892 /* Images.xcassets */; };
/* End PBXBuildFile section */

/* Begin PBXFileReference section */
		067F7D2B6BEA7FF05781CC7A /* Pods-Enlighten.release.xcconfig */ = {isa = PBXFileReference; includeInIndex = 1; lastKnownFileType = text.xcconfig; name = "Pods-Enlighten.release.xcconfig"; path = "Pods/Target Support Files/Pods-Enlighten/Pods-Enlighten.release.xcconfig"; sourceTree = "<group>"; };
		6BD9C4092C69E58849F52E95 /* libPods-Enlighten.a */ = {isa = PBXFileReference; explicitFileType = archive.ar; includeInIndex = 0; path = "libPods-Enlighten.a"; sourceTree = BUILT_PRODUCTS_DIR; };
		92AF7D3FA5AF1825DB1D2394 /* Pods-Enlighten.debug.xcconfig */ = {isa = PBXFileReference; includeInIndex = 1; lastKnownFileType = text.xcconfig; name = "Pods-Enlighten.debug.xcconfig"; path = "Pods/Target Support Files/Pods-Enlighten/Pods-Enlighten.debug.xcconfig"; sourceTree = "<group>"; };
		A8AE26101AA4FCB5004E27A1 /* libPods-Enlighten-OpenCV.a */ = {isa = PBXFileReference; lastKnownFileType = archive.ar; name = "libPods-Enlighten-OpenCV.a"; path = "Pods/build/Debug-iphoneos/libPods-Enlighten-OpenCV.a"; sourceTree = "<group>"; };
		A8AE26121AA4FCC0004E27A1 /* libc++.dylib */ = {isa = PBXFileReference; lastKnownFileType = "compiled.mach-o.dylib"; name = "libc++.dylib"; path = "usr/lib/libc++.dylib"; sourceTree = SDKROOT; };
		A8AE26171AA4FFA7004E27A1 /* libstdc++.dylib */ = {isa = PBXFileReference; lastKnownFileType = "compiled.mach-o.dylib"; name = "libstdc++.dylib"; path = "usr/lib/libstdc++.dylib"; sourceTree = SDKROOT; };
		A8AE26191AA50032004E27A1 /* libPods-Enlighten-OpenCV.a */ = {isa = PBXFileReference; lastKnownFileType = archive.ar; name = "libPods-Enlighten-OpenCV.a"; path = "Pods/build/Debug-iphoneos/libPods-Enlighten-OpenCV.a"; sourceTree = "<group>"; };
		A8AE261B1AA50036004E27A1 /* libPods-Enlighten.a */ = {isa = PBXFileReference; lastKnownFileType = archive.ar; name = "libPods-Enlighten.a"; path = "Pods/build/Debug-iphoneos/libPods-Enlighten.a"; sourceTree = "<group>"; };
		A8AE261F1AA50354004E27A1 /* MainViewController.mm */ = {isa = PBXFileReference; fileEncoding = 4; lastKnownFileType = sourcecode.cpp.objcpp; path = MainViewController.mm; sourceTree = "<group>"; };
		A8AE26211AA505CD004E27A1 /* OpenCVUtils.h */ = {isa = PBXFileReference; fileEncoding = 4; lastKnownFileType = sourcecode.c.h; path = OpenCVUtils.h; sourceTree = "<group>"; };
		A8AE26241AA506A1004E27A1 /* OpenCVUtils.mm */ = {isa = PBXFileReference; fileEncoding = 4; lastKnownFileType = sourcecode.cpp.objcpp; path = OpenCVUtils.mm; sourceTree = "<group>"; };
		A8AF7B2B1A8D6D48008DF892 /* Enlighten.app */ = {isa = PBXFileReference; explicitFileType = wrapper.application; includeInIndex = 0; path = Enlighten.app; sourceTree = BUILT_PRODUCTS_DIR; };
		A8AF7B2F1A8D6D48008DF892 /* Info.plist */ = {isa = PBXFileReference; lastKnownFileType = text.plist.xml; path = Info.plist; sourceTree = "<group>"; };
		A8AF7B301A8D6D48008DF892 /* main.m */ = {isa = PBXFileReference; lastKnownFileType = sourcecode.c.objc; path = main.m; sourceTree = "<group>"; };
		A8AF7B321A8D6D48008DF892 /* AppDelegate.h */ = {isa = PBXFileReference; lastKnownFileType = sourcecode.c.h; path = AppDelegate.h; sourceTree = "<group>"; };
		A8AF7B331A8D6D48008DF892 /* AppDelegate.m */ = {isa = PBXFileReference; lastKnownFileType = sourcecode.c.objc; path = AppDelegate.m; sourceTree = "<group>"; };
		A8AF7B351A8D6D48008DF892 /* MainViewController.h */ = {isa = PBXFileReference; lastKnownFileType = sourcecode.c.h; path = MainViewController.h; sourceTree = "<group>"; };
		A8AF7B3B1A8D6D48008DF892 /* Images.xcassets */ = {isa = PBXFileReference; lastKnownFileType = folder.assetcatalog; path = Images.xcassets; sourceTree = "<group>"; };
/* End PBXFileReference section */

/* Begin PBXFrameworksBuildPhase section */
		A8AF7B281A8D6D48008DF892 /* Frameworks */ = {
			isa = PBXFrameworksBuildPhase;
			buildActionMask = 2147483647;
			files = (
				A8AE261C1AA50036004E27A1 /* libPods-Enlighten.a in Frameworks */,
				A8AE261A1AA50032004E27A1 /* libPods-Enlighten-OpenCV.a in Frameworks */,
				A8AE26181AA4FFA7004E27A1 /* libstdc++.dylib in Frameworks */,
				A8AE26131AA4FCC0004E27A1 /* libc++.dylib in Frameworks */,
			);
			runOnlyForDeploymentPostprocessing = 0;
		};
/* End PBXFrameworksBuildPhase section */

/* Begin PBXGroup section */
		5CC4B8FC0BAD5DA964AE28D5 /* Pods */ = {
			isa = PBXGroup;
			children = (
				92AF7D3FA5AF1825DB1D2394 /* Pods-Enlighten.debug.xcconfig */,
				067F7D2B6BEA7FF05781CC7A /* Pods-Enlighten.release.xcconfig */,
			);
			name = Pods;
			sourceTree = "<group>";
		};
		952A854EC6C3269147DF3D30 /* Frameworks */ = {
			isa = PBXGroup;
			children = (
				A8AE261B1AA50036004E27A1 /* libPods-Enlighten.a */,
				A8AE26191AA50032004E27A1 /* libPods-Enlighten-OpenCV.a */,
				A8AE26171AA4FFA7004E27A1 /* libstdc++.dylib */,
				A8AE26121AA4FCC0004E27A1 /* libc++.dylib */,
				A8AE26101AA4FCB5004E27A1 /* libPods-Enlighten-OpenCV.a */,
				6BD9C4092C69E58849F52E95 /* libPods-Enlighten.a */,
			);
			name = Frameworks;
			sourceTree = "<group>";
		};
		A8AF7B221A8D6D48008DF892 = {
			isa = PBXGroup;
			children = (
				A8AF7B2D1A8D6D48008DF892 /* Enlighten */,
				A8AF7B2C1A8D6D48008DF892 /* Products */,
				5CC4B8FC0BAD5DA964AE28D5 /* Pods */,
				952A854EC6C3269147DF3D30 /* Frameworks */,
			);
			sourceTree = "<group>";
		};
		A8AF7B2C1A8D6D48008DF892 /* Products */ = {
			isa = PBXGroup;
			children = (
				A8AF7B2B1A8D6D48008DF892 /* Enlighten.app */,
			);
			name = Products;
			sourceTree = "<group>";
		};
		A8AF7B2D1A8D6D48008DF892 /* Enlighten */ = {
			isa = PBXGroup;
			children = (
				A8AF7B321A8D6D48008DF892 /* AppDelegate.h */,
				A8AF7B331A8D6D48008DF892 /* AppDelegate.m */,
				A8AF7B3B1A8D6D48008DF892 /* Images.xcassets */,
				A8AF7B351A8D6D48008DF892 /* MainViewController.h */,
				A8AE261F1AA50354004E27A1 /* MainViewController.mm */,
				A8AE26211AA505CD004E27A1 /* OpenCVUtils.h */,
				A8AE26241AA506A1004E27A1 /* OpenCVUtils.mm */,
				A8AF7B2E1A8D6D48008DF892 /* Supporting Files */,
			);
			path = Enlighten;
			sourceTree = "<group>";
		};
		A8AF7B2E1A8D6D48008DF892 /* Supporting Files */ = {
			isa = PBXGroup;
			children = (
				A8AF7B2F1A8D6D48008DF892 /* Info.plist */,
				A8AF7B301A8D6D48008DF892 /* main.m */,
			);
			name = "Supporting Files";
			sourceTree = "<group>";
		};
/* End PBXGroup section */

/* Begin PBXNativeTarget section */
		A8AF7B2A1A8D6D48008DF892 /* Enlighten */ = {
			isa = PBXNativeTarget;
			buildConfigurationList = A8AF7B4E1A8D6D49008DF892 /* Build configuration list for PBXNativeTarget "Enlighten" */;
			buildPhases = (
				4F3CB77999065A9575ADCE40 /* Check Pods Manifest.lock */,
				A8AF7B271A8D6D48008DF892 /* Sources */,
				A8AF7B281A8D6D48008DF892 /* Frameworks */,
				A8AF7B291A8D6D48008DF892 /* Resources */,
				9BCD792FEA51C45B82D2B98C /* Copy Pods Resources */,
			);
			buildRules = (
			);
			dependencies = (
			);
			name = Enlighten;
			productName = Enlighten;
			productReference = A8AF7B2B1A8D6D48008DF892 /* Enlighten.app */;
			productType = "com.apple.product-type.application";
		};
/* End PBXNativeTarget section */

/* Begin PBXProject section */
		A8AF7B231A8D6D48008DF892 /* Project object */ = {
			isa = PBXProject;
			attributes = {
				LastUpgradeCheck = 0610;
				ORGANIZATIONNAME = "18-549 Team10";
				TargetAttributes = {
					A8AF7B2A1A8D6D48008DF892 = {
						CreatedOnToolsVersion = 6.1.1;
					};
				};
			};
			buildConfigurationList = A8AF7B261A8D6D48008DF892 /* Build configuration list for PBXProject "Enlighten" */;
			compatibilityVersion = "Xcode 3.2";
			developmentRegion = English;
			hasScannedForEncodings = 0;
			knownRegions = (
				en,
				Base,
			);
			mainGroup = A8AF7B221A8D6D48008DF892;
			productRefGroup = A8AF7B2C1A8D6D48008DF892 /* Products */;
			projectDirPath = "";
			projectRoot = "";
			targets = (
				A8AF7B2A1A8D6D48008DF892 /* Enlighten */,
			);
		};
/* End PBXProject section */

/* Begin PBXResourcesBuildPhase section */
		A8AF7B291A8D6D48008DF892 /* Resources */ = {
			isa = PBXResourcesBuildPhase;
			buildActionMask = 2147483647;
			files = (
				A8AF7B3C1A8D6D48008DF892 /* Images.xcassets in Resources */,
			);
			runOnlyForDeploymentPostprocessing = 0;
		};
/* End PBXResourcesBuildPhase section */

/* Begin PBXShellScriptBuildPhase section */
		4F3CB77999065A9575ADCE40 /* Check Pods Manifest.lock */ = {
			isa = PBXShellScriptBuildPhase;
			buildActionMask = 2147483647;
			files = (
			);
			inputPaths = (
			);
			name = "Check Pods Manifest.lock";
			outputPaths = (
			);
			runOnlyForDeploymentPostprocessing = 0;
			shellPath = /bin/sh;
			shellScript = "diff \"${PODS_ROOT}/../Podfile.lock\" \"${PODS_ROOT}/Manifest.lock\" > /dev/null\nif [[ $? != 0 ]] ; then\n    cat << EOM\nerror: The sandbox is not in sync with the Podfile.lock. Run 'pod install' or update your CocoaPods installation.\nEOM\n    exit 1\nfi\n";
			showEnvVarsInLog = 0;
		};
		9BCD792FEA51C45B82D2B98C /* Copy Pods Resources */ = {
			isa = PBXShellScriptBuildPhase;
			buildActionMask = 2147483647;
			files = (
			);
			inputPaths = (
			);
			name = "Copy Pods Resources";
			outputPaths = (
			);
			runOnlyForDeploymentPostprocessing = 0;
			shellPath = /bin/sh;
			shellScript = "\"${SRCROOT}/Pods/Target Support Files/Pods-Enlighten/Pods-Enlighten-resources.sh\"\n";
			showEnvVarsInLog = 0;
		};
/* End PBXShellScriptBuildPhase section */

/* Begin PBXSourcesBuildPhase section */
		A8AF7B271A8D6D48008DF892 /* Sources */ = {
			isa = PBXSourcesBuildPhase;
			buildActionMask = 2147483647;
			files = (
				A8AF7B341A8D6D48008DF892 /* AppDelegate.m in Sources */,
				A8AE26201AA50354004E27A1 /* MainViewController.mm in Sources */,
				A8AE26251AA506A1004E27A1 /* OpenCVUtils.mm in Sources */,
				A8AF7B311A8D6D48008DF892 /* main.m in Sources */,
			);
			runOnlyForDeploymentPostprocessing = 0;
		};
/* End PBXSourcesBuildPhase section */

/* Begin XCBuildConfiguration section */
		A8AF7B4C1A8D6D49008DF892 /* Debug */ = {
			isa = XCBuildConfiguration;
			buildSettings = {
				ALWAYS_SEARCH_USER_PATHS = NO;
				CLANG_CXX_LANGUAGE_STANDARD = "gnu++0x";
				CLANG_CXX_LIBRARY = "libc++";
				CLANG_ENABLE_MODULES = YES;
				CLANG_ENABLE_OBJC_ARC = YES;
				CLANG_WARN_BOOL_CONVERSION = YES;
				CLANG_WARN_CONSTANT_CONVERSION = YES;
				CLANG_WARN_DIRECT_OBJC_ISA_USAGE = YES_ERROR;
				CLANG_WARN_EMPTY_BODY = YES;
				CLANG_WARN_ENUM_CONVERSION = YES;
				CLANG_WARN_INT_CONVERSION = YES;
				CLANG_WARN_OBJC_ROOT_CLASS = YES_ERROR;
				CLANG_WARN_UNREACHABLE_CODE = YES;
				CLANG_WARN__DUPLICATE_METHOD_MATCH = YES;
				"CODE_SIGN_IDENTITY[sdk=iphoneos*]" = "iPhone Developer";
				COPY_PHASE_STRIP = NO;
				ENABLE_STRICT_OBJC_MSGSEND = YES;
				GCC_C_LANGUAGE_STANDARD = gnu99;
				GCC_DYNAMIC_NO_PIC = NO;
				GCC_OPTIMIZATION_LEVEL = 0;
				GCC_PREPROCESSOR_DEFINITIONS = (
					"DEBUG=1",
					"$(inherited)",
				);
				GCC_SYMBOLS_PRIVATE_EXTERN = NO;
				GCC_WARN_64_TO_32_BIT_CONVERSION = YES;
				GCC_WARN_ABOUT_RETURN_TYPE = YES_ERROR;
				GCC_WARN_UNDECLARED_SELECTOR = YES;
				GCC_WARN_UNINITIALIZED_AUTOS = YES_AGGRESSIVE;
				GCC_WARN_UNUSED_FUNCTION = YES;
				GCC_WARN_UNUSED_VARIABLE = YES;
				IPHONEOS_DEPLOYMENT_TARGET = 8.1;
				MTL_ENABLE_DEBUG_INFO = YES;
				ONLY_ACTIVE_ARCH = YES;
				SDKROOT = iphoneos;
			};
			name = Debug;
		};
		A8AF7B4D1A8D6D49008DF892 /* Release */ = {
			isa = XCBuildConfiguration;
			buildSettings = {
				ALWAYS_SEARCH_USER_PATHS = NO;
				CLANG_CXX_LANGUAGE_STANDARD = "gnu++0x";
				CLANG_CXX_LIBRARY = "libc++";
				CLANG_ENABLE_MODULES = YES;
				CLANG_ENABLE_OBJC_ARC = YES;
				CLANG_WARN_BOOL_CONVERSION = YES;
				CLANG_WARN_CONSTANT_CONVERSION = YES;
				CLANG_WARN_DIRECT_OBJC_ISA_USAGE = YES_ERROR;
				CLANG_WARN_EMPTY_BODY = YES;
				CLANG_WARN_ENUM_CONVERSION = YES;
				CLANG_WARN_INT_CONVERSION = YES;
				CLANG_WARN_OBJC_ROOT_CLASS = YES_ERROR;
				CLANG_WARN_UNREACHABLE_CODE = YES;
				CLANG_WARN__DUPLICATE_METHOD_MATCH = YES;
				"CODE_SIGN_IDENTITY[sdk=iphoneos*]" = "iPhone Developer";
				COPY_PHASE_STRIP = YES;
				ENABLE_NS_ASSERTIONS = NO;
				ENABLE_STRICT_OBJC_MSGSEND = YES;
				GCC_C_LANGUAGE_STANDARD = gnu99;
				GCC_WARN_64_TO_32_BIT_CONVERSION = YES;
				GCC_WARN_ABOUT_RETURN_TYPE = YES_ERROR;
				GCC_WARN_UNDECLARED_SELECTOR = YES;
				GCC_WARN_UNINITIALIZED_AUTOS = YES_AGGRESSIVE;
				GCC_WARN_UNUSED_FUNCTION = YES;
				GCC_WARN_UNUSED_VARIABLE = YES;
				IPHONEOS_DEPLOYMENT_TARGET = 8.1;
				MTL_ENABLE_DEBUG_INFO = NO;
				SDKROOT = iphoneos;
				VALIDATE_PRODUCT = YES;
			};
			name = Release;
		};
		A8AF7B4F1A8D6D49008DF892 /* Debug */ = {
			isa = XCBuildConfiguration;
			baseConfigurationReference = 92AF7D3FA5AF1825DB1D2394 /* Pods-Enlighten.debug.xcconfig */;
			buildSettings = {
				ASSETCATALOG_COMPILER_APPICON_NAME = AppIcon;
				GCC_PRECOMPILE_PREFIX_HEADER = NO;
				GCC_PREFIX_HEADER = "";
				INFOPLIST_FILE = Enlighten/Info.plist;
				LD_RUNPATH_SEARCH_PATHS = "$(inherited) @executable_path/Frameworks";
				LIBRARY_SEARCH_PATHS = (
					"$(inherited)",
					"$(PROJECT_DIR)/Pods/build/Debug-iphoneos",
				);
				PRODUCT_NAME = "$(TARGET_NAME)";
			};
			name = Debug;
		};
		A8AF7B501A8D6D49008DF892 /* Release */ = {
			isa = XCBuildConfiguration;
			baseConfigurationReference = 067F7D2B6BEA7FF05781CC7A /* Pods-Enlighten.release.xcconfig */;
			buildSettings = {
				ASSETCATALOG_COMPILER_APPICON_NAME = AppIcon;
				GCC_PRECOMPILE_PREFIX_HEADER = NO;
				GCC_PREFIX_HEADER = "";
				INFOPLIST_FILE = Enlighten/Info.plist;
				LD_RUNPATH_SEARCH_PATHS = "$(inherited) @executable_path/Frameworks";
				LIBRARY_SEARCH_PATHS = (
					"$(inherited)",
					"$(PROJECT_DIR)/Pods/build/Debug-iphoneos",
				);
				PRODUCT_NAME = "$(TARGET_NAME)";
			};
			name = Release;
		};
/* End XCBuildConfiguration section */

/* Begin XCConfigurationList section */
		A8AF7B261A8D6D48008DF892 /* Build configuration list for PBXProject "Enlighten" */ = {
			isa = XCConfigurationList;
			buildConfigurations = (
				A8AF7B4C1A8D6D49008DF892 /* Debug */,
				A8AF7B4D1A8D6D49008DF892 /* Release */,
			);
			defaultConfigurationIsVisible = 0;
			defaultConfigurationName = Release;
		};
		A8AF7B4E1A8D6D49008DF892 /* Build configuration list for PBXNativeTarget "Enlighten" */ = {
			isa = XCConfigurationList;
			buildConfigurations = (
				A8AF7B4F1A8D6D49008DF892 /* Debug */,
				A8AF7B501A8D6D49008DF892 /* Release */,
			);
			defaultConfigurationIsVisible = 0;
			defaultConfigurationName = Release;
		};
/* End XCConfigurationList section */
	};
	rootObject = A8AF7B231A8D6D48008DF892 /* Project object */;
}
